
Microsoft Visual Studio Solution File, Format Version 12.00
# Visual Studio 15
VisualStudioVersion = 15.0.28307.271
MinimumVisualStudioVersion = 10.0.40219.1
Project("{FAE04EC0-301F-11D3-BF4B-00C04F79EFBC}") = "Data", "Data\Data.csproj", "{5CD0A186-8ADF-4C20-92ED-809E31235502}"
EndProject
Project("{FAE04EC0-301F-11D3-BF4B-00C04F79EFBC}") = "Domain", "Domain\Domain.csproj", "{CD32AFDB-EFC1-4227-AD7B-08E58A918867}"
EndProject
Project("{FAE04EC0-301F-11D3-BF4B-00C04F79EFBC}") = "Service", "Service\Service.csproj", "{E45E0A6F-D91F-4410-B627-B6B45A3C99BD}"
EndProject
Project("{FAE04EC0-301F-11D3-BF4B-00C04F79EFBC}") = "ServicePatern", "ServicePatern\ServicePatern.csproj", "{F71E179F-F79F-4C94-9A0C-30E474DF7F14}"
EndProject
Project("{FAE04EC0-301F-11D3-BF4B-00C04F79EFBC}") = "Web", "Web\Web.csproj", "{07D80D2F-3C89-4790-B861-2049E484C49E}"
EndProject
Global
	GlobalSection(SolutionConfigurationPlatforms) = preSolution
		Debug|Any CPU = Debug|Any CPU
		Release|Any CPU = Release|Any CPU
	EndGlobalSection
	GlobalSection(ProjectConfigurationPlatforms) = postSolution
		{5CD0A186-8ADF-4C20-92ED-809E31235502}.Debug|Any CPU.ActiveCfg = Debug|Any CPU
		{5CD0A186-8ADF-4C20-92ED-809E31235502}.Debug|Any CPU.Build.0 = Debug|Any CPU
		{5CD0A186-8ADF-4C20-92ED-809E31235502}.Release|Any CPU.ActiveCfg = Release|Any CPU
		{5CD0A186-8ADF-4C20-92ED-809E31235502}.Release|Any CPU.Build.0 = Release|Any CPU
		{CD32AFDB-EFC1-4227-AD7B-08E58A918867}.Debug|Any CPU.ActiveCfg = Debug|Any CPU
		{CD32AFDB-EFC1-4227-AD7B-08E58A918867}.Debug|Any CPU.Build.0 = Debug|Any CPU
		{CD32AFDB-EFC1-4227-AD7B-08E58A918867}.Release|Any CPU.ActiveCfg = Release|Any CPU
		{CD32AFDB-EFC1-4227-AD7B-08E58A918867}.Release|Any CPU.Build.0 = Release|Any CPU
		{E45E0A6F-D91F-4410-B627-B6B45A3C99BD}.Debug|Any CPU.ActiveCfg = Debug|Any CPU
		{E45E0A6F-D91F-4410-B627-B6B45A3C99BD}.Debug|Any CPU.Build.0 = Debug|Any CPU
		{E45E0A6F-D91F-4410-B627-B6B45A3C99BD}.Release|Any CPU.ActiveCfg = Release|Any CPU
		{E45E0A6F-D91F-4410-B627-B6B45A3C99BD}.Release|Any CPU.Build.0 = Release|Any CPU
		{F71E179F-F79F-4C94-9A0C-30E474DF7F14}.Debug|Any CPU.ActiveCfg = Debug|Any CPU
		{F71E179F-F79F-4C94-9A0C-30E474DF7F14}.Debug|Any CPU.Build.0 = Debug|Any CPU
		{F71E179F-F79F-4C94-9A0C-30E474DF7F14}.Release|Any CPU.ActiveCfg = Release|Any CPU
		{F71E179F-F79F-4C94-9A0C-30E474DF7F14}.Release|Any CPU.Build.0 = Release|Any CPU
		{07D80D2F-3C89-4790-B861-2049E484C49E}.Debug|Any CPU.ActiveCfg = Debug|Any CPU
		{07D80D2F-3C89-4790-B861-2049E484C49E}.Debug|Any CPU.Build.0 = Debug|Any CPU
		{07D80D2F-3C89-4790-B861-2049E484C49E}.Release|Any CPU.ActiveCfg = Release|Any CPU
		{07D80D2F-3C89-4790-B861-2049E484C49E}.Release|Any CPU.Build.0 = Release|Any CPU
	EndGlobalSection
	GlobalSection(SolutionProperties) = preSolution
		HideSolutionNode = FALSE
	EndGlobalSection
	GlobalSection(ExtensibilityGlobals) = postSolution
		SolutionGuid = {FAB3AD65-3D6B-4F19-BA97-87240CFC32A2}
	EndGlobalSection
EndGlobal
